
Microsoft Visual Studio Solution File, Format Version 12.00
# Visual Studio 15
VisualStudioVersion = 15.0.26228.9
MinimumVisualStudioVersion = 10.0.40219.1
Project("{FAE04EC0-301F-11D3-BF4B-00C04F79EFBC}") = "Centuries to Minutes", "Centuries to Minutes\Centuries to Minutes.csproj", "{994DB40B-D7A9-42B3-B444-86311A6ECFD8}"
EndProject
Project("{FAE04EC0-301F-11D3-BF4B-00C04F79EFBC}") = "Circle Area", "Circle Area\Circle Area.csproj", "{710F4B80-1BFE-4F44-AD32-971ED91F8B11}"
EndProject
Project("{FAE04EC0-301F-11D3-BF4B-00C04F79EFBC}") = "Exact Sum of Real Numbers", "Exact Sum of Real Numbers\Exact Sum of Real Numbers.csproj", "{DF2BFDB2-BCD3-458D-A8B8-83BA419B438C}"
EndProject
Project("{FAE04EC0-301F-11D3-BF4B-00C04F79EFBC}") = "Elevator", "Elevator\Elevator.csproj", "{3F5AE01E-F11E-41F9-9B5C-2C26F63FD6EC}"
EndProject
Project("{FAE04EC0-301F-11D3-BF4B-00C04F79EFBC}") = "Special Numbers", "Special Numbers\Special Numbers.csproj", "{71433405-C295-41B9-B57D-722957BE4F44}"
EndProject
Project("{FAE04EC0-301F-11D3-BF4B-00C04F79EFBC}") = "Triples of Letters", "Triples of Letters\Triples of Letters.csproj", "{9D9FD2DD-1355-4F35-9A37-0F321A68EEFA}"
EndProject
Project("{FAE04EC0-301F-11D3-BF4B-00C04F79EFBC}") = "Greeting", "Greeting\Greeting.csproj", "{72201A39-1E74-48BB-8D35-92CF91CC966D}"
EndProject
Project("{FAE04EC0-301F-11D3-BF4B-00C04F79EFBC}") = "Refactor Volume of Pyramid", "Refactor Volume of Pyramid\Refactor Volume of Pyramid.csproj", "{A2DD167A-FB87-48E2-83B6-7A7CC644866A}"
EndProject
Project("{FAE04EC0-301F-11D3-BF4B-00C04F79EFBC}") = "Refactor Special Numbers", "Refactor Special Numbers\Refactor Special Numbers.csproj", "{3BB83C7B-BDA2-4099-8865-87382D861119}"
EndProject
Global
	GlobalSection(SolutionConfigurationPlatforms) = preSolution
		Debug|Any CPU = Debug|Any CPU
		Debug|ARM = Debug|ARM
		Debug|x64 = Debug|x64
		Debug|x86 = Debug|x86
		Release|Any CPU = Release|Any CPU
		Release|ARM = Release|ARM
		Release|x64 = Release|x64
		Release|x86 = Release|x86
	EndGlobalSection
	GlobalSection(ProjectConfigurationPlatforms) = postSolution
		{994DB40B-D7A9-42B3-B444-86311A6ECFD8}.Debug|Any CPU.ActiveCfg = Debug|Any CPU
		{994DB40B-D7A9-42B3-B444-86311A6ECFD8}.Debug|Any CPU.Build.0 = Debug|Any CPU
		{994DB40B-D7A9-42B3-B444-86311A6ECFD8}.Debug|ARM.ActiveCfg = Debug|Any CPU
		{994DB40B-D7A9-42B3-B444-86311A6ECFD8}.Debug|ARM.Build.0 = Debug|Any CPU
		{994DB40B-D7A9-42B3-B444-86311A6ECFD8}.Debug|x64.ActiveCfg = Debug|Any CPU
		{994DB40B-D7A9-42B3-B444-86311A6ECFD8}.Debug|x64.Build.0 = Debug|Any CPU
		{994DB40B-D7A9-42B3-B444-86311A6ECFD8}.Debug|x86.ActiveCfg = Debug|Any CPU
		{994DB40B-D7A9-42B3-B444-86311A6ECFD8}.Debug|x86.Build.0 = Debug|Any CPU
		{994DB40B-D7A9-42B3-B444-86311A6ECFD8}.Release|Any CPU.ActiveCfg = Release|Any CPU
		{994DB40B-D7A9-42B3-B444-86311A6ECFD8}.Release|Any CPU.Build.0 = Release|Any CPU
		{994DB40B-D7A9-42B3-B444-86311A6ECFD8}.Release|ARM.ActiveCfg = Release|Any CPU
		{994DB40B-D7A9-42B3-B444-86311A6ECFD8}.Release|ARM.Build.0 = Release|Any CPU
		{994DB40B-D7A9-42B3-B444-86311A6ECFD8}.Release|x64.ActiveCfg = Release|Any CPU
		{994DB40B-D7A9-42B3-B444-86311A6ECFD8}.Release|x64.Build.0 = Release|Any CPU
		{994DB40B-D7A9-42B3-B444-86311A6ECFD8}.Release|x86.ActiveCfg = Release|Any CPU
		{994DB40B-D7A9-42B3-B444-86311A6ECFD8}.Release|x86.Build.0 = Release|Any CPU
		{710F4B80-1BFE-4F44-AD32-971ED91F8B11}.Debug|Any CPU.ActiveCfg = Debug|Any CPU
		{710F4B80-1BFE-4F44-AD32-971ED91F8B11}.Debug|Any CPU.Build.0 = Debug|Any CPU
		{710F4B80-1BFE-4F44-AD32-971ED91F8B11}.Debug|ARM.ActiveCfg = Debug|Any CPU
		{710F4B80-1BFE-4F44-AD32-971ED91F8B11}.Debug|ARM.Build.0 = Debug|Any CPU
		{710F4B80-1BFE-4F44-AD32-971ED91F8B11}.Debug|x64.ActiveCfg = Debug|Any CPU
		{710F4B80-1BFE-4F44-AD32-971ED91F8B11}.Debug|x64.Build.0 = Debug|Any CPU
		{710F4B80-1BFE-4F44-AD32-971ED91F8B11}.Debug|x86.ActiveCfg = Debug|Any CPU
		{710F4B80-1BFE-4F44-AD32-971ED91F8B11}.Debug|x86.Build.0 = Debug|Any CPU
		{710F4B80-1BFE-4F44-AD32-971ED91F8B11}.Release|Any CPU.ActiveCfg = Release|Any CPU
		{710F4B80-1BFE-4F44-AD32-971ED91F8B11}.Release|Any CPU.Build.0 = Release|Any CPU
		{710F4B80-1BFE-4F44-AD32-971ED91F8B11}.Release|ARM.ActiveCfg = Release|Any CPU
		{710F4B80-1BFE-4F44-AD32-971ED91F8B11}.Release|ARM.Build.0 = Release|Any CPU
		{710F4B80-1BFE-4F44-AD32-971ED91F8B11}.Release|x64.ActiveCfg = Release|Any CPU
		{710F4B80-1BFE-4F44-AD32-971ED91F8B11}.Release|x64.Build.0 = Release|Any CPU
		{710F4B80-1BFE-4F44-AD32-971ED91F8B11}.Release|x86.ActiveCfg = Release|Any CPU
		{710F4B80-1BFE-4F44-AD32-971ED91F8B11}.Release|x86.Build.0 = Release|Any CPU
		{DF2BFDB2-BCD3-458D-A8B8-83BA419B438C}.Debug|Any CPU.ActiveCfg = Debug|Any CPU
		{DF2BFDB2-BCD3-458D-A8B8-83BA419B438C}.Debug|Any CPU.Build.0 = Debug|Any CPU
		{DF2BFDB2-BCD3-458D-A8B8-83BA419B438C}.Debug|ARM.ActiveCfg = Debug|Any CPU
		{DF2BFDB2-BCD3-458D-A8B8-83BA419B438C}.Debug|ARM.Build.0 = Debug|Any CPU
		{DF2BFDB2-BCD3-458D-A8B8-83BA419B438C}.Debug|x64.ActiveCfg = Debug|Any CPU
		{DF2BFDB2-BCD3-458D-A8B8-83BA419B438C}.Debug|x64.Build.0 = Debug|Any CPU
		{DF2BFDB2-BCD3-458D-A8B8-83BA419B438C}.Debug|x86.ActiveCfg = Debug|Any CPU
		{DF2BFDB2-BCD3-458D-A8B8-83BA419B438C}.Debug|x86.Build.0 = Debug|Any CPU
		{DF2BFDB2-BCD3-458D-A8B8-83BA419B438C}.Release|Any CPU.ActiveCfg = Release|Any CPU
		{DF2BFDB2-BCD3-458D-A8B8-83BA419B438C}.Release|Any CPU.Build.0 = Release|Any CPU
		{DF2BFDB2-BCD3-458D-A8B8-83BA419B438C}.Release|ARM.ActiveCfg = Release|Any CPU
		{DF2BFDB2-BCD3-458D-A8B8-83BA419B438C}.Release|ARM.Build.0 = Release|Any CPU
		{DF2BFDB2-BCD3-458D-A8B8-83BA419B438C}.Release|x64.ActiveCfg = Release|Any CPU
		{DF2BFDB2-BCD3-458D-A8B8-83BA419B438C}.Release|x64.Build.0 = Release|Any CPU
		{DF2BFDB2-BCD3-458D-A8B8-83BA419B438C}.Release|x86.ActiveCfg = Release|Any CPU
		{DF2BFDB2-BCD3-458D-A8B8-83BA419B438C}.Release|x86.Build.0 = Release|Any CPU
		{3F5AE01E-F11E-41F9-9B5C-2C26F63FD6EC}.Debug|Any CPU.ActiveCfg = Debug|Any CPU
		{3F5AE01E-F11E-41F9-9B5C-2C26F63FD6EC}.Debug|Any CPU.Build.0 = Debug|Any CPU
		{3F5AE01E-F11E-41F9-9B5C-2C26F63FD6EC}.Debug|ARM.ActiveCfg = Debug|Any CPU
		{3F5AE01E-F11E-41F9-9B5C-2C26F63FD6EC}.Debug|ARM.Build.0 = Debug|Any CPU
		{3F5AE01E-F11E-41F9-9B5C-2C26F63FD6EC}.Debug|x64.ActiveCfg = Debug|Any CPU
		{3F5AE01E-F11E-41F9-9B5C-2C26F63FD6EC}.Debug|x64.Build.0 = Debug|Any CPU
		{3F5AE01E-F11E-41F9-9B5C-2C26F63FD6EC}.Debug|x86.ActiveCfg = Debug|Any CPU
		{3F5AE01E-F11E-41F9-9B5C-2C26F63FD6EC}.Debug|x86.Build.0 = Debug|Any CPU
		{3F5AE01E-F11E-41F9-9B5C-2C26F63FD6EC}.Release|Any CPU.ActiveCfg = Release|Any CPU
		{3F5AE01E-F11E-41F9-9B5C-2C26F63FD6EC}.Release|Any CPU.Build.0 = Release|Any CPU
		{3F5AE01E-F11E-41F9-9B5C-2C26F63FD6EC}.Release|ARM.ActiveCfg = Release|Any CPU
		{3F5AE01E-F11E-41F9-9B5C-2C26F63FD6EC}.Release|ARM.Build.0 = Release|Any CPU
		{3F5AE01E-F11E-41F9-9B5C-2C26F63FD6EC}.Release|x64.ActiveCfg = Release|Any CPU
		{3F5AE01E-F11E-41F9-9B5C-2C26F63FD6EC}.Release|x64.Build.0 = Release|Any CPU
		{3F5AE01E-F11E-41F9-9B5C-2C26F63FD6EC}.Release|x86.ActiveCfg = Release|Any CPU
		{3F5AE01E-F11E-41F9-9B5C-2C26F63FD6EC}.Release|x86.Build.0 = Release|Any CPU
		{71433405-C295-41B9-B57D-722957BE4F44}.Debug|Any CPU.ActiveCfg = Debug|Any CPU
		{71433405-C295-41B9-B57D-722957BE4F44}.Debug|Any CPU.Build.0 = Debug|Any CPU
		{71433405-C295-41B9-B57D-722957BE4F44}.Debug|ARM.ActiveCfg = Debug|Any CPU
		{71433405-C295-41B9-B57D-722957BE4F44}.Debug|ARM.Build.0 = Debug|Any CPU
		{71433405-C295-41B9-B57D-722957BE4F44}.Debug|x64.ActiveCfg = Debug|Any CPU
		{71433405-C295-41B9-B57D-722957BE4F44}.Debug|x64.Build.0 = Debug|Any CPU
		{71433405-C295-41B9-B57D-722957BE4F44}.Debug|x86.ActiveCfg = Debug|Any CPU
		{71433405-C295-41B9-B57D-722957BE4F44}.Debug|x86.Build.0 = Debug|Any CPU
		{71433405-C295-41B9-B57D-722957BE4F44}.Release|Any CPU.ActiveCfg = Release|Any CPU
		{71433405-C295-41B9-B57D-722957BE4F44}.Release|Any CPU.Build.0 = Release|Any CPU
		{71433405-C295-41B9-B57D-722957BE4F44}.Release|ARM.ActiveCfg = Release|Any CPU
		{71433405-C295-41B9-B57D-722957BE4F44}.Release|ARM.Build.0 = Release|Any CPU
		{71433405-C295-41B9-B57D-722957BE4F44}.Release|x64.ActiveCfg = Release|Any CPU
		{71433405-C295-41B9-B57D-722957BE4F44}.Release|x64.Build.0 = Release|Any CPU
		{71433405-C295-41B9-B57D-722957BE4F44}.Release|x86.ActiveCfg = Release|Any CPU
		{71433405-C295-41B9-B57D-722957BE4F44}.Release|x86.Build.0 = Release|Any CPU
		{9D9FD2DD-1355-4F35-9A37-0F321A68EEFA}.Debug|Any CPU.ActiveCfg = Debug|Any CPU
		{9D9FD2DD-1355-4F35-9A37-0F321A68EEFA}.Debug|Any CPU.Build.0 = Debug|Any CPU
		{9D9FD2DD-1355-4F35-9A37-0F321A68EEFA}.Debug|ARM.ActiveCfg = Debug|Any CPU
		{9D9FD2DD-1355-4F35-9A37-0F321A68EEFA}.Debug|ARM.Build.0 = Debug|Any CPU
		{9D9FD2DD-1355-4F35-9A37-0F321A68EEFA}.Debug|x64.ActiveCfg = Debug|Any CPU
		{9D9FD2DD-1355-4F35-9A37-0F321A68EEFA}.Debug|x64.Build.0 = Debug|Any CPU
		{9D9FD2DD-1355-4F35-9A37-0F321A68EEFA}.Debug|x86.ActiveCfg = Debug|Any CPU
		{9D9FD2DD-1355-4F35-9A37-0F321A68EEFA}.Debug|x86.Build.0 = Debug|Any CPU
		{9D9FD2DD-1355-4F35-9A37-0F321A68EEFA}.Release|Any CPU.ActiveCfg = Release|Any CPU
		{9D9FD2DD-1355-4F35-9A37-0F321A68EEFA}.Release|Any CPU.Build.0 = Release|Any CPU
		{9D9FD2DD-1355-4F35-9A37-0F321A68EEFA}.Release|ARM.ActiveCfg = Release|Any CPU
		{9D9FD2DD-1355-4F35-9A37-0F321A68EEFA}.Release|ARM.Build.0 = Release|Any CPU
		{9D9FD2DD-1355-4F35-9A37-0F321A68EEFA}.Release|x64.ActiveCfg = Release|Any CPU
		{9D9FD2DD-1355-4F35-9A37-0F321A68EEFA}.Release|x64.Build.0 = Release|Any CPU
		{9D9FD2DD-1355-4F35-9A37-0F321A68EEFA}.Release|x86.ActiveCfg = Release|Any CPU
		{9D9FD2DD-1355-4F35-9A37-0F321A68EEFA}.Release|x86.Build.0 = Release|Any CPU
		{72201A39-1E74-48BB-8D35-92CF91CC966D}.Debug|Any CPU.ActiveCfg = Debug|Any CPU
		{72201A39-1E74-48BB-8D35-92CF91CC966D}.Debug|Any CPU.Build.0 = Debug|Any CPU
		{72201A39-1E74-48BB-8D35-92CF91CC966D}.Debug|ARM.ActiveCfg = Debug|Any CPU
		{72201A39-1E74-48BB-8D35-92CF91CC966D}.Debug|ARM.Build.0 = Debug|Any CPU
		{72201A39-1E74-48BB-8D35-92CF91CC966D}.Debug|x64.ActiveCfg = Debug|Any CPU
		{72201A39-1E74-48BB-8D35-92CF91CC966D}.Debug|x64.Build.0 = Debug|Any CPU
		{72201A39-1E74-48BB-8D35-92CF91CC966D}.Debug|x86.ActiveCfg = Debug|Any CPU
		{72201A39-1E74-48BB-8D35-92CF91CC966D}.Debug|x86.Build.0 = Debug|Any CPU
		{72201A39-1E74-48BB-8D35-92CF91CC966D}.Release|Any CPU.ActiveCfg = Release|Any CPU
		{72201A39-1E74-48BB-8D35-92CF91CC966D}.Release|Any CPU.Build.0 = Release|Any CPU
		{72201A39-1E74-48BB-8D35-92CF91CC966D}.Release|ARM.ActiveCfg = Release|Any CPU
		{72201A39-1E74-48BB-8D35-92CF91CC966D}.Release|ARM.Build.0 = Release|Any CPU
		{72201A39-1E74-48BB-8D35-92CF91CC966D}.Release|x64.ActiveCfg = Release|Any CPU
		{72201A39-1E74-48BB-8D35-92CF91CC966D}.Release|x64.Build.0 = Release|Any CPU
		{72201A39-1E74-48BB-8D35-92CF91CC966D}.Release|x86.ActiveCfg = Release|Any CPU
		{72201A39-1E74-48BB-8D35-92CF91CC966D}.Release|x86.Build.0 = Release|Any CPU
		{A2DD167A-FB87-48E2-83B6-7A7CC644866A}.Debug|Any CPU.ActiveCfg = Debug|Any CPU
		{A2DD167A-FB87-48E2-83B6-7A7CC644866A}.Debug|Any CPU.Build.0 = Debug|Any CPU
		{A2DD167A-FB87-48E2-83B6-7A7CC644866A}.Debug|ARM.ActiveCfg = Debug|Any CPU
		{A2DD167A-FB87-48E2-83B6-7A7CC644866A}.Debug|ARM.Build.0 = Debug|Any CPU
		{A2DD167A-FB87-48E2-83B6-7A7CC644866A}.Debug|x64.ActiveCfg = Debug|Any CPU
		{A2DD167A-FB87-48E2-83B6-7A7CC644866A}.Debug|x64.Build.0 = Debug|Any CPU
		{A2DD167A-FB87-48E2-83B6-7A7CC644866A}.Debug|x86.ActiveCfg = Debug|Any CPU
		{A2DD167A-FB87-48E2-83B6-7A7CC644866A}.Debug|x86.Build.0 = Debug|Any CPU
		{A2DD167A-FB87-48E2-83B6-7A7CC644866A}.Release|Any CPU.ActiveCfg = Release|Any CPU
		{A2DD167A-FB87-48E2-83B6-7A7CC644866A}.Release|Any CPU.Build.0 = Release|Any CPU
		{A2DD167A-FB87-48E2-83B6-7A7CC644866A}.Release|ARM.ActiveCfg = Release|Any CPU
		{A2DD167A-FB87-48E2-83B6-7A7CC644866A}.Release|ARM.Build.0 = Release|Any CPU
		{A2DD167A-FB87-48E2-83B6-7A7CC644866A}.Release|x64.ActiveCfg = Release|Any CPU
		{A2DD167A-FB87-48E2-83B6-7A7CC644866A}.Release|x64.Build.0 = Release|Any CPU
		{A2DD167A-FB87-48E2-83B6-7A7CC644866A}.Release|x86.ActiveCfg = Release|Any CPU
		{A2DD167A-FB87-48E2-83B6-7A7CC644866A}.Release|x86.Build.0 = Release|Any CPU
		{3BB83C7B-BDA2-4099-8865-87382D861119}.Debug|Any CPU.ActiveCfg = Debug|Any CPU
		{3BB83C7B-BDA2-4099-8865-87382D861119}.Debug|Any CPU.Build.0 = Debug|Any CPU
		{3BB83C7B-BDA2-4099-8865-87382D861119}.Debug|ARM.ActiveCfg = Debug|Any CPU
		{3BB83C7B-BDA2-4099-8865-87382D861119}.Debug|ARM.Build.0 = Debug|Any CPU
		{3BB83C7B-BDA2-4099-8865-87382D861119}.Debug|x64.ActiveCfg = Debug|Any CPU
		{3BB83C7B-BDA2-4099-8865-87382D861119}.Debug|x64.Build.0 = Debug|Any CPU
		{3BB83C7B-BDA2-4099-8865-87382D861119}.Debug|x86.ActiveCfg = Debug|Any CPU
		{3BB83C7B-BDA2-4099-8865-87382D861119}.Debug|x86.Build.0 = Debug|Any CPU
		{3BB83C7B-BDA2-4099-8865-87382D861119}.Release|Any CPU.ActiveCfg = Release|Any CPU
		{3BB83C7B-BDA2-4099-8865-87382D861119}.Release|Any CPU.Build.0 = Release|Any CPU
		{3BB83C7B-BDA2-4099-8865-87382D861119}.Release|ARM.ActiveCfg = Release|Any CPU
		{3BB83C7B-BDA2-4099-8865-87382D861119}.Release|ARM.Build.0 = Release|Any CPU
		{3BB83C7B-BDA2-4099-8865-87382D861119}.Release|x64.ActiveCfg = Release|Any CPU
		{3BB83C7B-BDA2-4099-8865-87382D861119}.Release|x64.Build.0 = Release|Any CPU
		{3BB83C7B-BDA2-4099-8865-87382D861119}.Release|x86.ActiveCfg = Release|Any CPU
		{3BB83C7B-BDA2-4099-8865-87382D861119}.Release|x86.Build.0 = Release|Any CPU
	EndGlobalSection
	GlobalSection(SolutionProperties) = preSolution
		HideSolutionNode = FALSE
	EndGlobalSection
EndGlobal
