
Microsoft Visual Studio Solution File, Format Version 12.00
# Visual Studio 15
VisualStudioVersion = 15.0.26228.9
MinimumVisualStudioVersion = 10.0.40219.1
Project("{FAE04EC0-301F-11D3-BF4B-00C04F79EFBC}") = "1.Arrays", "1.Arrays\1.Arrays.csproj", "{4C02FB86-DF99-4C95-9BC8-8ED5D68FD10F}"
EndProject
Project("{FAE04EC0-301F-11D3-BF4B-00C04F79EFBC}") = "2. Reverse an Array of Integers", "2. Reverse an Array of Integers\2. Reverse an Array of Integers.csproj", "{9672ADDE-1746-4040-BF66-3544F625B416}"
EndProject
Project("{FAE04EC0-301F-11D3-BF4B-00C04F79EFBC}") = "03. Last K Numbers Sums", "03. Last K Numbers Sums\03. Last K Numbers Sums.csproj", "{E942CA91-4DE4-4246-AE9A-08403023AA44}"
EndProject
Project("{FAE04EC0-301F-11D3-BF4B-00C04F79EFBC}") = "4. Triple Sum", "4. Triple Sum\4. Triple Sum.csproj", "{B8E5A364-B4F7-47A2-A534-26530AEC9266}"
EndProject
Project("{FAE04EC0-301F-11D3-BF4B-00C04F79EFBC}") = "5. Rounding Numbers Away from Zero", "5. Rounding Numbers Away from Zero\5. Rounding Numbers Away from Zero.csproj", "{91CCFF40-037C-41FB-B3E0-FD2615664F6F}"
EndProject
Project("{FAE04EC0-301F-11D3-BF4B-00C04F79EFBC}") = "06. Reverse Array of Strings", "06. Reverse Array of Strings\06. Reverse Array of Strings.csproj", "{41B200E3-A452-4DF3-9D93-9BCF8AD6B692}"
EndProject
Project("{FAE04EC0-301F-11D3-BF4B-00C04F79EFBC}") = "07. Sum Arrays", "07. Sum Arrays\07. Sum Arrays.csproj", "{E96DD2DF-F5AE-42CE-B517-EC1C823BB232}"
EndProject
Project("{FAE04EC0-301F-11D3-BF4B-00C04F79EFBC}") = "08. Condense Array to Number", "08. Condense Array to Number\08. Condense Array to Number.csproj", "{E01D4FC8-5DF3-4079-9BEA-8A168DE3132B}"
EndProject
Project("{FAE04EC0-301F-11D3-BF4B-00C04F79EFBC}") = "09. Extract Middle Elements", "09. Extract Middle Elements\09. Extract Middle Elements.csproj", "{74577B31-0305-420A-AAB8-71605346BDF9}"
EndProject
Global
	GlobalSection(SolutionConfigurationPlatforms) = preSolution
		Debug|Any CPU = Debug|Any CPU
		Debug|ARM = Debug|ARM
		Debug|x64 = Debug|x64
		Debug|x86 = Debug|x86
		Release|Any CPU = Release|Any CPU
		Release|ARM = Release|ARM
		Release|x64 = Release|x64
		Release|x86 = Release|x86
	EndGlobalSection
	GlobalSection(ProjectConfigurationPlatforms) = postSolution
		{4C02FB86-DF99-4C95-9BC8-8ED5D68FD10F}.Debug|Any CPU.ActiveCfg = Debug|Any CPU
		{4C02FB86-DF99-4C95-9BC8-8ED5D68FD10F}.Debug|Any CPU.Build.0 = Debug|Any CPU
		{4C02FB86-DF99-4C95-9BC8-8ED5D68FD10F}.Debug|ARM.ActiveCfg = Debug|Any CPU
		{4C02FB86-DF99-4C95-9BC8-8ED5D68FD10F}.Debug|ARM.Build.0 = Debug|Any CPU
		{4C02FB86-DF99-4C95-9BC8-8ED5D68FD10F}.Debug|x64.ActiveCfg = Debug|Any CPU
		{4C02FB86-DF99-4C95-9BC8-8ED5D68FD10F}.Debug|x64.Build.0 = Debug|Any CPU
		{4C02FB86-DF99-4C95-9BC8-8ED5D68FD10F}.Debug|x86.ActiveCfg = Debug|Any CPU
		{4C02FB86-DF99-4C95-9BC8-8ED5D68FD10F}.Debug|x86.Build.0 = Debug|Any CPU
		{4C02FB86-DF99-4C95-9BC8-8ED5D68FD10F}.Release|Any CPU.ActiveCfg = Release|Any CPU
		{4C02FB86-DF99-4C95-9BC8-8ED5D68FD10F}.Release|Any CPU.Build.0 = Release|Any CPU
		{4C02FB86-DF99-4C95-9BC8-8ED5D68FD10F}.Release|ARM.ActiveCfg = Release|Any CPU
		{4C02FB86-DF99-4C95-9BC8-8ED5D68FD10F}.Release|ARM.Build.0 = Release|Any CPU
		{4C02FB86-DF99-4C95-9BC8-8ED5D68FD10F}.Release|x64.ActiveCfg = Release|Any CPU
		{4C02FB86-DF99-4C95-9BC8-8ED5D68FD10F}.Release|x64.Build.0 = Release|Any CPU
		{4C02FB86-DF99-4C95-9BC8-8ED5D68FD10F}.Release|x86.ActiveCfg = Release|Any CPU
		{4C02FB86-DF99-4C95-9BC8-8ED5D68FD10F}.Release|x86.Build.0 = Release|Any CPU
		{9672ADDE-1746-4040-BF66-3544F625B416}.Debug|Any CPU.ActiveCfg = Debug|Any CPU
		{9672ADDE-1746-4040-BF66-3544F625B416}.Debug|Any CPU.Build.0 = Debug|Any CPU
		{9672ADDE-1746-4040-BF66-3544F625B416}.Debug|ARM.ActiveCfg = Debug|Any CPU
		{9672ADDE-1746-4040-BF66-3544F625B416}.Debug|ARM.Build.0 = Debug|Any CPU
		{9672ADDE-1746-4040-BF66-3544F625B416}.Debug|x64.ActiveCfg = Debug|Any CPU
		{9672ADDE-1746-4040-BF66-3544F625B416}.Debug|x64.Build.0 = Debug|Any CPU
		{9672ADDE-1746-4040-BF66-3544F625B416}.Debug|x86.ActiveCfg = Debug|Any CPU
		{9672ADDE-1746-4040-BF66-3544F625B416}.Debug|x86.Build.0 = Debug|Any CPU
		{9672ADDE-1746-4040-BF66-3544F625B416}.Release|Any CPU.ActiveCfg = Release|Any CPU
		{9672ADDE-1746-4040-BF66-3544F625B416}.Release|Any CPU.Build.0 = Release|Any CPU
		{9672ADDE-1746-4040-BF66-3544F625B416}.Release|ARM.ActiveCfg = Release|Any CPU
		{9672ADDE-1746-4040-BF66-3544F625B416}.Release|ARM.Build.0 = Release|Any CPU
		{9672ADDE-1746-4040-BF66-3544F625B416}.Release|x64.ActiveCfg = Release|Any CPU
		{9672ADDE-1746-4040-BF66-3544F625B416}.Release|x64.Build.0 = Release|Any CPU
		{9672ADDE-1746-4040-BF66-3544F625B416}.Release|x86.ActiveCfg = Release|Any CPU
		{9672ADDE-1746-4040-BF66-3544F625B416}.Release|x86.Build.0 = Release|Any CPU
		{E942CA91-4DE4-4246-AE9A-08403023AA44}.Debug|Any CPU.ActiveCfg = Debug|Any CPU
		{E942CA91-4DE4-4246-AE9A-08403023AA44}.Debug|Any CPU.Build.0 = Debug|Any CPU
		{E942CA91-4DE4-4246-AE9A-08403023AA44}.Debug|ARM.ActiveCfg = Debug|Any CPU
		{E942CA91-4DE4-4246-AE9A-08403023AA44}.Debug|ARM.Build.0 = Debug|Any CPU
		{E942CA91-4DE4-4246-AE9A-08403023AA44}.Debug|x64.ActiveCfg = Debug|Any CPU
		{E942CA91-4DE4-4246-AE9A-08403023AA44}.Debug|x64.Build.0 = Debug|Any CPU
		{E942CA91-4DE4-4246-AE9A-08403023AA44}.Debug|x86.ActiveCfg = Debug|Any CPU
		{E942CA91-4DE4-4246-AE9A-08403023AA44}.Debug|x86.Build.0 = Debug|Any CPU
		{E942CA91-4DE4-4246-AE9A-08403023AA44}.Release|Any CPU.ActiveCfg = Release|Any CPU
		{E942CA91-4DE4-4246-AE9A-08403023AA44}.Release|Any CPU.Build.0 = Release|Any CPU
		{E942CA91-4DE4-4246-AE9A-08403023AA44}.Release|ARM.ActiveCfg = Release|Any CPU
		{E942CA91-4DE4-4246-AE9A-08403023AA44}.Release|ARM.Build.0 = Release|Any CPU
		{E942CA91-4DE4-4246-AE9A-08403023AA44}.Release|x64.ActiveCfg = Release|Any CPU
		{E942CA91-4DE4-4246-AE9A-08403023AA44}.Release|x64.Build.0 = Release|Any CPU
		{E942CA91-4DE4-4246-AE9A-08403023AA44}.Release|x86.ActiveCfg = Release|Any CPU
		{E942CA91-4DE4-4246-AE9A-08403023AA44}.Release|x86.Build.0 = Release|Any CPU
		{B8E5A364-B4F7-47A2-A534-26530AEC9266}.Debug|Any CPU.ActiveCfg = Debug|Any CPU
		{B8E5A364-B4F7-47A2-A534-26530AEC9266}.Debug|Any CPU.Build.0 = Debug|Any CPU
		{B8E5A364-B4F7-47A2-A534-26530AEC9266}.Debug|ARM.ActiveCfg = Debug|Any CPU
		{B8E5A364-B4F7-47A2-A534-26530AEC9266}.Debug|ARM.Build.0 = Debug|Any CPU
		{B8E5A364-B4F7-47A2-A534-26530AEC9266}.Debug|x64.ActiveCfg = Debug|Any CPU
		{B8E5A364-B4F7-47A2-A534-26530AEC9266}.Debug|x64.Build.0 = Debug|Any CPU
		{B8E5A364-B4F7-47A2-A534-26530AEC9266}.Debug|x86.ActiveCfg = Debug|Any CPU
		{B8E5A364-B4F7-47A2-A534-26530AEC9266}.Debug|x86.Build.0 = Debug|Any CPU
		{B8E5A364-B4F7-47A2-A534-26530AEC9266}.Release|Any CPU.ActiveCfg = Release|Any CPU
		{B8E5A364-B4F7-47A2-A534-26530AEC9266}.Release|Any CPU.Build.0 = Release|Any CPU
		{B8E5A364-B4F7-47A2-A534-26530AEC9266}.Release|ARM.ActiveCfg = Release|Any CPU
		{B8E5A364-B4F7-47A2-A534-26530AEC9266}.Release|ARM.Build.0 = Release|Any CPU
		{B8E5A364-B4F7-47A2-A534-26530AEC9266}.Release|x64.ActiveCfg = Release|Any CPU
		{B8E5A364-B4F7-47A2-A534-26530AEC9266}.Release|x64.Build.0 = Release|Any CPU
		{B8E5A364-B4F7-47A2-A534-26530AEC9266}.Release|x86.ActiveCfg = Release|Any CPU
		{B8E5A364-B4F7-47A2-A534-26530AEC9266}.Release|x86.Build.0 = Release|Any CPU
		{91CCFF40-037C-41FB-B3E0-FD2615664F6F}.Debug|Any CPU.ActiveCfg = Debug|Any CPU
		{91CCFF40-037C-41FB-B3E0-FD2615664F6F}.Debug|Any CPU.Build.0 = Debug|Any CPU
		{91CCFF40-037C-41FB-B3E0-FD2615664F6F}.Debug|ARM.ActiveCfg = Debug|Any CPU
		{91CCFF40-037C-41FB-B3E0-FD2615664F6F}.Debug|ARM.Build.0 = Debug|Any CPU
		{91CCFF40-037C-41FB-B3E0-FD2615664F6F}.Debug|x64.ActiveCfg = Debug|Any CPU
		{91CCFF40-037C-41FB-B3E0-FD2615664F6F}.Debug|x64.Build.0 = Debug|Any CPU
		{91CCFF40-037C-41FB-B3E0-FD2615664F6F}.Debug|x86.ActiveCfg = Debug|Any CPU
		{91CCFF40-037C-41FB-B3E0-FD2615664F6F}.Debug|x86.Build.0 = Debug|Any CPU
		{91CCFF40-037C-41FB-B3E0-FD2615664F6F}.Release|Any CPU.ActiveCfg = Release|Any CPU
		{91CCFF40-037C-41FB-B3E0-FD2615664F6F}.Release|Any CPU.Build.0 = Release|Any CPU
		{91CCFF40-037C-41FB-B3E0-FD2615664F6F}.Release|ARM.ActiveCfg = Release|Any CPU
		{91CCFF40-037C-41FB-B3E0-FD2615664F6F}.Release|ARM.Build.0 = Release|Any CPU
		{91CCFF40-037C-41FB-B3E0-FD2615664F6F}.Release|x64.ActiveCfg = Release|Any CPU
		{91CCFF40-037C-41FB-B3E0-FD2615664F6F}.Release|x64.Build.0 = Release|Any CPU
		{91CCFF40-037C-41FB-B3E0-FD2615664F6F}.Release|x86.ActiveCfg = Release|Any CPU
		{91CCFF40-037C-41FB-B3E0-FD2615664F6F}.Release|x86.Build.0 = Release|Any CPU
		{41B200E3-A452-4DF3-9D93-9BCF8AD6B692}.Debug|Any CPU.ActiveCfg = Debug|Any CPU
		{41B200E3-A452-4DF3-9D93-9BCF8AD6B692}.Debug|Any CPU.Build.0 = Debug|Any CPU
		{41B200E3-A452-4DF3-9D93-9BCF8AD6B692}.Debug|ARM.ActiveCfg = Debug|Any CPU
		{41B200E3-A452-4DF3-9D93-9BCF8AD6B692}.Debug|ARM.Build.0 = Debug|Any CPU
		{41B200E3-A452-4DF3-9D93-9BCF8AD6B692}.Debug|x64.ActiveCfg = Debug|Any CPU
		{41B200E3-A452-4DF3-9D93-9BCF8AD6B692}.Debug|x64.Build.0 = Debug|Any CPU
		{41B200E3-A452-4DF3-9D93-9BCF8AD6B692}.Debug|x86.ActiveCfg = Debug|Any CPU
		{41B200E3-A452-4DF3-9D93-9BCF8AD6B692}.Debug|x86.Build.0 = Debug|Any CPU
		{41B200E3-A452-4DF3-9D93-9BCF8AD6B692}.Release|Any CPU.ActiveCfg = Release|Any CPU
		{41B200E3-A452-4DF3-9D93-9BCF8AD6B692}.Release|Any CPU.Build.0 = Release|Any CPU
		{41B200E3-A452-4DF3-9D93-9BCF8AD6B692}.Release|ARM.ActiveCfg = Release|Any CPU
		{41B200E3-A452-4DF3-9D93-9BCF8AD6B692}.Release|ARM.Build.0 = Release|Any CPU
		{41B200E3-A452-4DF3-9D93-9BCF8AD6B692}.Release|x64.ActiveCfg = Release|Any CPU
		{41B200E3-A452-4DF3-9D93-9BCF8AD6B692}.Release|x64.Build.0 = Release|Any CPU
		{41B200E3-A452-4DF3-9D93-9BCF8AD6B692}.Release|x86.ActiveCfg = Release|Any CPU
		{41B200E3-A452-4DF3-9D93-9BCF8AD6B692}.Release|x86.Build.0 = Release|Any CPU
		{E96DD2DF-F5AE-42CE-B517-EC1C823BB232}.Debug|Any CPU.ActiveCfg = Debug|Any CPU
		{E96DD2DF-F5AE-42CE-B517-EC1C823BB232}.Debug|Any CPU.Build.0 = Debug|Any CPU
		{E96DD2DF-F5AE-42CE-B517-EC1C823BB232}.Debug|ARM.ActiveCfg = Debug|Any CPU
		{E96DD2DF-F5AE-42CE-B517-EC1C823BB232}.Debug|ARM.Build.0 = Debug|Any CPU
		{E96DD2DF-F5AE-42CE-B517-EC1C823BB232}.Debug|x64.ActiveCfg = Debug|Any CPU
		{E96DD2DF-F5AE-42CE-B517-EC1C823BB232}.Debug|x64.Build.0 = Debug|Any CPU
		{E96DD2DF-F5AE-42CE-B517-EC1C823BB232}.Debug|x86.ActiveCfg = Debug|Any CPU
		{E96DD2DF-F5AE-42CE-B517-EC1C823BB232}.Debug|x86.Build.0 = Debug|Any CPU
		{E96DD2DF-F5AE-42CE-B517-EC1C823BB232}.Release|Any CPU.ActiveCfg = Release|Any CPU
		{E96DD2DF-F5AE-42CE-B517-EC1C823BB232}.Release|Any CPU.Build.0 = Release|Any CPU
		{E96DD2DF-F5AE-42CE-B517-EC1C823BB232}.Release|ARM.ActiveCfg = Release|Any CPU
		{E96DD2DF-F5AE-42CE-B517-EC1C823BB232}.Release|ARM.Build.0 = Release|Any CPU
		{E96DD2DF-F5AE-42CE-B517-EC1C823BB232}.Release|x64.ActiveCfg = Release|Any CPU
		{E96DD2DF-F5AE-42CE-B517-EC1C823BB232}.Release|x64.Build.0 = Release|Any CPU
		{E96DD2DF-F5AE-42CE-B517-EC1C823BB232}.Release|x86.ActiveCfg = Release|Any CPU
		{E96DD2DF-F5AE-42CE-B517-EC1C823BB232}.Release|x86.Build.0 = Release|Any CPU
		{E01D4FC8-5DF3-4079-9BEA-8A168DE3132B}.Debug|Any CPU.ActiveCfg = Debug|Any CPU
		{E01D4FC8-5DF3-4079-9BEA-8A168DE3132B}.Debug|Any CPU.Build.0 = Debug|Any CPU
		{E01D4FC8-5DF3-4079-9BEA-8A168DE3132B}.Debug|ARM.ActiveCfg = Debug|Any CPU
		{E01D4FC8-5DF3-4079-9BEA-8A168DE3132B}.Debug|ARM.Build.0 = Debug|Any CPU
		{E01D4FC8-5DF3-4079-9BEA-8A168DE3132B}.Debug|x64.ActiveCfg = Debug|Any CPU
		{E01D4FC8-5DF3-4079-9BEA-8A168DE3132B}.Debug|x64.Build.0 = Debug|Any CPU
		{E01D4FC8-5DF3-4079-9BEA-8A168DE3132B}.Debug|x86.ActiveCfg = Debug|Any CPU
		{E01D4FC8-5DF3-4079-9BEA-8A168DE3132B}.Debug|x86.Build.0 = Debug|Any CPU
		{E01D4FC8-5DF3-4079-9BEA-8A168DE3132B}.Release|Any CPU.ActiveCfg = Release|Any CPU
		{E01D4FC8-5DF3-4079-9BEA-8A168DE3132B}.Release|Any CPU.Build.0 = Release|Any CPU
		{E01D4FC8-5DF3-4079-9BEA-8A168DE3132B}.Release|ARM.ActiveCfg = Release|Any CPU
		{E01D4FC8-5DF3-4079-9BEA-8A168DE3132B}.Release|ARM.Build.0 = Release|Any CPU
		{E01D4FC8-5DF3-4079-9BEA-8A168DE3132B}.Release|x64.ActiveCfg = Release|Any CPU
		{E01D4FC8-5DF3-4079-9BEA-8A168DE3132B}.Release|x64.Build.0 = Release|Any CPU
		{E01D4FC8-5DF3-4079-9BEA-8A168DE3132B}.Release|x86.ActiveCfg = Release|Any CPU
		{E01D4FC8-5DF3-4079-9BEA-8A168DE3132B}.Release|x86.Build.0 = Release|Any CPU
		{74577B31-0305-420A-AAB8-71605346BDF9}.Debug|Any CPU.ActiveCfg = Debug|Any CPU
		{74577B31-0305-420A-AAB8-71605346BDF9}.Debug|Any CPU.Build.0 = Debug|Any CPU
		{74577B31-0305-420A-AAB8-71605346BDF9}.Debug|ARM.ActiveCfg = Debug|Any CPU
		{74577B31-0305-420A-AAB8-71605346BDF9}.Debug|ARM.Build.0 = Debug|Any CPU
		{74577B31-0305-420A-AAB8-71605346BDF9}.Debug|x64.ActiveCfg = Debug|Any CPU
		{74577B31-0305-420A-AAB8-71605346BDF9}.Debug|x64.Build.0 = Debug|Any CPU
		{74577B31-0305-420A-AAB8-71605346BDF9}.Debug|x86.ActiveCfg = Debug|Any CPU
		{74577B31-0305-420A-AAB8-71605346BDF9}.Debug|x86.Build.0 = Debug|Any CPU
		{74577B31-0305-420A-AAB8-71605346BDF9}.Release|Any CPU.ActiveCfg = Release|Any CPU
		{74577B31-0305-420A-AAB8-71605346BDF9}.Release|Any CPU.Build.0 = Release|Any CPU
		{74577B31-0305-420A-AAB8-71605346BDF9}.Release|ARM.ActiveCfg = Release|Any CPU
		{74577B31-0305-420A-AAB8-71605346BDF9}.Release|ARM.Build.0 = Release|Any CPU
		{74577B31-0305-420A-AAB8-71605346BDF9}.Release|x64.ActiveCfg = Release|Any CPU
		{74577B31-0305-420A-AAB8-71605346BDF9}.Release|x64.Build.0 = Release|Any CPU
		{74577B31-0305-420A-AAB8-71605346BDF9}.Release|x86.ActiveCfg = Release|Any CPU
		{74577B31-0305-420A-AAB8-71605346BDF9}.Release|x86.Build.0 = Release|Any CPU
	EndGlobalSection
	GlobalSection(SolutionProperties) = preSolution
		HideSolutionNode = FALSE
	EndGlobalSection
EndGlobal
