
Microsoft Visual Studio Solution File, Format Version 12.00
# Visual Studio 15
VisualStudioVersion = 15.0.26228.9
MinimumVisualStudioVersion = 10.0.40219.1
Project("{FAE04EC0-301F-11D3-BF4B-00C04F79EFBC}") = "01_Array_Statistics", "01_Array_Statistics\01_Array_Statistics.csproj", "{05AA13CA-A073-4204-A335-14D7DDF81B48}"
EndProject
Project("{FAE04EC0-301F-11D3-BF4B-00C04F79EFBC}") = "02. Manipulate Array", "02. Manipulate Array\02. Manipulate Array.csproj", "{183DA9EA-8A22-4497-8AF3-CA62FC6F603B}"
EndProject
Project("{FAE04EC0-301F-11D3-BF4B-00C04F79EFBC}") = "03. Safe Manipulation", "03. Safe Manipulation\03. Safe Manipulation.csproj", "{E23521BC-28DB-4BF8-8414-AAFBC04FB326}"
EndProject
Project("{FAE04EC0-301F-11D3-BF4B-00C04F79EFBC}") = "04. Grab and Go", "04. Grab and Go\04. Grab and Go.csproj", "{02D0107B-C78A-46D8-B24B-D0CC30AE04D0}"
EndProject
Project("{FAE04EC0-301F-11D3-BF4B-00C04F79EFBC}") = "05. Pizza Ingredients", "05. Pizza Ingredients\05. Pizza Ingredients.csproj", "{0E9C5FF1-1190-42C3-B5C9-EF92FCE3963C}"
EndProject
Project("{FAE04EC0-301F-11D3-BF4B-00C04F79EFBC}") = "06. Heists", "06. Heists\06. Heists.csproj", "{A047A45B-E4A7-4BF4-A4FF-FAEB7D6AB1D3}"
EndProject
Project("{FAE04EC0-301F-11D3-BF4B-00C04F79EFBC}") = "07. Inventory Matcher", "07. Inventory Matcher\07. Inventory Matcher.csproj", "{2B66F596-DD09-4F89-9B89-3F4FEAE57E7B}"
EndProject
Project("{FAE04EC0-301F-11D3-BF4B-00C04F79EFBC}") = "08. Upgraded Matcher", "08. Upgraded Matcher\08. Upgraded Matcher.csproj", "{D74C52F6-47D8-43B7-BEE8-FCFDC0D011BF}"
EndProject
Project("{FAE04EC0-301F-11D3-BF4B-00C04F79EFBC}") = "09. Jump Around", "09. Jump Around\09. Jump Around.csproj", "{8C593766-CCE9-4D4E-B057-0C8ECB8842A0}"
EndProject
Global
	GlobalSection(SolutionConfigurationPlatforms) = preSolution
		Debug|Any CPU = Debug|Any CPU
		Debug|ARM = Debug|ARM
		Debug|x64 = Debug|x64
		Debug|x86 = Debug|x86
		Release|Any CPU = Release|Any CPU
		Release|ARM = Release|ARM
		Release|x64 = Release|x64
		Release|x86 = Release|x86
	EndGlobalSection
	GlobalSection(ProjectConfigurationPlatforms) = postSolution
		{05AA13CA-A073-4204-A335-14D7DDF81B48}.Debug|Any CPU.ActiveCfg = Debug|Any CPU
		{05AA13CA-A073-4204-A335-14D7DDF81B48}.Debug|Any CPU.Build.0 = Debug|Any CPU
		{05AA13CA-A073-4204-A335-14D7DDF81B48}.Debug|ARM.ActiveCfg = Debug|Any CPU
		{05AA13CA-A073-4204-A335-14D7DDF81B48}.Debug|ARM.Build.0 = Debug|Any CPU
		{05AA13CA-A073-4204-A335-14D7DDF81B48}.Debug|x64.ActiveCfg = Debug|Any CPU
		{05AA13CA-A073-4204-A335-14D7DDF81B48}.Debug|x64.Build.0 = Debug|Any CPU
		{05AA13CA-A073-4204-A335-14D7DDF81B48}.Debug|x86.ActiveCfg = Debug|Any CPU
		{05AA13CA-A073-4204-A335-14D7DDF81B48}.Debug|x86.Build.0 = Debug|Any CPU
		{05AA13CA-A073-4204-A335-14D7DDF81B48}.Release|Any CPU.ActiveCfg = Release|Any CPU
		{05AA13CA-A073-4204-A335-14D7DDF81B48}.Release|Any CPU.Build.0 = Release|Any CPU
		{05AA13CA-A073-4204-A335-14D7DDF81B48}.Release|ARM.ActiveCfg = Release|Any CPU
		{05AA13CA-A073-4204-A335-14D7DDF81B48}.Release|ARM.Build.0 = Release|Any CPU
		{05AA13CA-A073-4204-A335-14D7DDF81B48}.Release|x64.ActiveCfg = Release|Any CPU
		{05AA13CA-A073-4204-A335-14D7DDF81B48}.Release|x64.Build.0 = Release|Any CPU
		{05AA13CA-A073-4204-A335-14D7DDF81B48}.Release|x86.ActiveCfg = Release|Any CPU
		{05AA13CA-A073-4204-A335-14D7DDF81B48}.Release|x86.Build.0 = Release|Any CPU
		{183DA9EA-8A22-4497-8AF3-CA62FC6F603B}.Debug|Any CPU.ActiveCfg = Debug|Any CPU
		{183DA9EA-8A22-4497-8AF3-CA62FC6F603B}.Debug|Any CPU.Build.0 = Debug|Any CPU
		{183DA9EA-8A22-4497-8AF3-CA62FC6F603B}.Debug|ARM.ActiveCfg = Debug|Any CPU
		{183DA9EA-8A22-4497-8AF3-CA62FC6F603B}.Debug|ARM.Build.0 = Debug|Any CPU
		{183DA9EA-8A22-4497-8AF3-CA62FC6F603B}.Debug|x64.ActiveCfg = Debug|Any CPU
		{183DA9EA-8A22-4497-8AF3-CA62FC6F603B}.Debug|x64.Build.0 = Debug|Any CPU
		{183DA9EA-8A22-4497-8AF3-CA62FC6F603B}.Debug|x86.ActiveCfg = Debug|Any CPU
		{183DA9EA-8A22-4497-8AF3-CA62FC6F603B}.Debug|x86.Build.0 = Debug|Any CPU
		{183DA9EA-8A22-4497-8AF3-CA62FC6F603B}.Release|Any CPU.ActiveCfg = Release|Any CPU
		{183DA9EA-8A22-4497-8AF3-CA62FC6F603B}.Release|Any CPU.Build.0 = Release|Any CPU
		{183DA9EA-8A22-4497-8AF3-CA62FC6F603B}.Release|ARM.ActiveCfg = Release|Any CPU
		{183DA9EA-8A22-4497-8AF3-CA62FC6F603B}.Release|ARM.Build.0 = Release|Any CPU
		{183DA9EA-8A22-4497-8AF3-CA62FC6F603B}.Release|x64.ActiveCfg = Release|Any CPU
		{183DA9EA-8A22-4497-8AF3-CA62FC6F603B}.Release|x64.Build.0 = Release|Any CPU
		{183DA9EA-8A22-4497-8AF3-CA62FC6F603B}.Release|x86.ActiveCfg = Release|Any CPU
		{183DA9EA-8A22-4497-8AF3-CA62FC6F603B}.Release|x86.Build.0 = Release|Any CPU
		{E23521BC-28DB-4BF8-8414-AAFBC04FB326}.Debug|Any CPU.ActiveCfg = Debug|Any CPU
		{E23521BC-28DB-4BF8-8414-AAFBC04FB326}.Debug|Any CPU.Build.0 = Debug|Any CPU
		{E23521BC-28DB-4BF8-8414-AAFBC04FB326}.Debug|ARM.ActiveCfg = Debug|Any CPU
		{E23521BC-28DB-4BF8-8414-AAFBC04FB326}.Debug|ARM.Build.0 = Debug|Any CPU
		{E23521BC-28DB-4BF8-8414-AAFBC04FB326}.Debug|x64.ActiveCfg = Debug|Any CPU
		{E23521BC-28DB-4BF8-8414-AAFBC04FB326}.Debug|x64.Build.0 = Debug|Any CPU
		{E23521BC-28DB-4BF8-8414-AAFBC04FB326}.Debug|x86.ActiveCfg = Debug|Any CPU
		{E23521BC-28DB-4BF8-8414-AAFBC04FB326}.Debug|x86.Build.0 = Debug|Any CPU
		{E23521BC-28DB-4BF8-8414-AAFBC04FB326}.Release|Any CPU.ActiveCfg = Release|Any CPU
		{E23521BC-28DB-4BF8-8414-AAFBC04FB326}.Release|Any CPU.Build.0 = Release|Any CPU
		{E23521BC-28DB-4BF8-8414-AAFBC04FB326}.Release|ARM.ActiveCfg = Release|Any CPU
		{E23521BC-28DB-4BF8-8414-AAFBC04FB326}.Release|ARM.Build.0 = Release|Any CPU
		{E23521BC-28DB-4BF8-8414-AAFBC04FB326}.Release|x64.ActiveCfg = Release|Any CPU
		{E23521BC-28DB-4BF8-8414-AAFBC04FB326}.Release|x64.Build.0 = Release|Any CPU
		{E23521BC-28DB-4BF8-8414-AAFBC04FB326}.Release|x86.ActiveCfg = Release|Any CPU
		{E23521BC-28DB-4BF8-8414-AAFBC04FB326}.Release|x86.Build.0 = Release|Any CPU
		{02D0107B-C78A-46D8-B24B-D0CC30AE04D0}.Debug|Any CPU.ActiveCfg = Debug|Any CPU
		{02D0107B-C78A-46D8-B24B-D0CC30AE04D0}.Debug|Any CPU.Build.0 = Debug|Any CPU
		{02D0107B-C78A-46D8-B24B-D0CC30AE04D0}.Debug|ARM.ActiveCfg = Debug|Any CPU
		{02D0107B-C78A-46D8-B24B-D0CC30AE04D0}.Debug|ARM.Build.0 = Debug|Any CPU
		{02D0107B-C78A-46D8-B24B-D0CC30AE04D0}.Debug|x64.ActiveCfg = Debug|Any CPU
		{02D0107B-C78A-46D8-B24B-D0CC30AE04D0}.Debug|x64.Build.0 = Debug|Any CPU
		{02D0107B-C78A-46D8-B24B-D0CC30AE04D0}.Debug|x86.ActiveCfg = Debug|Any CPU
		{02D0107B-C78A-46D8-B24B-D0CC30AE04D0}.Debug|x86.Build.0 = Debug|Any CPU
		{02D0107B-C78A-46D8-B24B-D0CC30AE04D0}.Release|Any CPU.ActiveCfg = Release|Any CPU
		{02D0107B-C78A-46D8-B24B-D0CC30AE04D0}.Release|Any CPU.Build.0 = Release|Any CPU
		{02D0107B-C78A-46D8-B24B-D0CC30AE04D0}.Release|ARM.ActiveCfg = Release|Any CPU
		{02D0107B-C78A-46D8-B24B-D0CC30AE04D0}.Release|ARM.Build.0 = Release|Any CPU
		{02D0107B-C78A-46D8-B24B-D0CC30AE04D0}.Release|x64.ActiveCfg = Release|Any CPU
		{02D0107B-C78A-46D8-B24B-D0CC30AE04D0}.Release|x64.Build.0 = Release|Any CPU
		{02D0107B-C78A-46D8-B24B-D0CC30AE04D0}.Release|x86.ActiveCfg = Release|Any CPU
		{02D0107B-C78A-46D8-B24B-D0CC30AE04D0}.Release|x86.Build.0 = Release|Any CPU
		{0E9C5FF1-1190-42C3-B5C9-EF92FCE3963C}.Debug|Any CPU.ActiveCfg = Debug|Any CPU
		{0E9C5FF1-1190-42C3-B5C9-EF92FCE3963C}.Debug|Any CPU.Build.0 = Debug|Any CPU
		{0E9C5FF1-1190-42C3-B5C9-EF92FCE3963C}.Debug|ARM.ActiveCfg = Debug|Any CPU
		{0E9C5FF1-1190-42C3-B5C9-EF92FCE3963C}.Debug|ARM.Build.0 = Debug|Any CPU
		{0E9C5FF1-1190-42C3-B5C9-EF92FCE3963C}.Debug|x64.ActiveCfg = Debug|Any CPU
		{0E9C5FF1-1190-42C3-B5C9-EF92FCE3963C}.Debug|x64.Build.0 = Debug|Any CPU
		{0E9C5FF1-1190-42C3-B5C9-EF92FCE3963C}.Debug|x86.ActiveCfg = Debug|Any CPU
		{0E9C5FF1-1190-42C3-B5C9-EF92FCE3963C}.Debug|x86.Build.0 = Debug|Any CPU
		{0E9C5FF1-1190-42C3-B5C9-EF92FCE3963C}.Release|Any CPU.ActiveCfg = Release|Any CPU
		{0E9C5FF1-1190-42C3-B5C9-EF92FCE3963C}.Release|Any CPU.Build.0 = Release|Any CPU
		{0E9C5FF1-1190-42C3-B5C9-EF92FCE3963C}.Release|ARM.ActiveCfg = Release|Any CPU
		{0E9C5FF1-1190-42C3-B5C9-EF92FCE3963C}.Release|ARM.Build.0 = Release|Any CPU
		{0E9C5FF1-1190-42C3-B5C9-EF92FCE3963C}.Release|x64.ActiveCfg = Release|Any CPU
		{0E9C5FF1-1190-42C3-B5C9-EF92FCE3963C}.Release|x64.Build.0 = Release|Any CPU
		{0E9C5FF1-1190-42C3-B5C9-EF92FCE3963C}.Release|x86.ActiveCfg = Release|Any CPU
		{0E9C5FF1-1190-42C3-B5C9-EF92FCE3963C}.Release|x86.Build.0 = Release|Any CPU
		{A047A45B-E4A7-4BF4-A4FF-FAEB7D6AB1D3}.Debug|Any CPU.ActiveCfg = Debug|Any CPU
		{A047A45B-E4A7-4BF4-A4FF-FAEB7D6AB1D3}.Debug|Any CPU.Build.0 = Debug|Any CPU
		{A047A45B-E4A7-4BF4-A4FF-FAEB7D6AB1D3}.Debug|ARM.ActiveCfg = Debug|Any CPU
		{A047A45B-E4A7-4BF4-A4FF-FAEB7D6AB1D3}.Debug|ARM.Build.0 = Debug|Any CPU
		{A047A45B-E4A7-4BF4-A4FF-FAEB7D6AB1D3}.Debug|x64.ActiveCfg = Debug|Any CPU
		{A047A45B-E4A7-4BF4-A4FF-FAEB7D6AB1D3}.Debug|x64.Build.0 = Debug|Any CPU
		{A047A45B-E4A7-4BF4-A4FF-FAEB7D6AB1D3}.Debug|x86.ActiveCfg = Debug|Any CPU
		{A047A45B-E4A7-4BF4-A4FF-FAEB7D6AB1D3}.Debug|x86.Build.0 = Debug|Any CPU
		{A047A45B-E4A7-4BF4-A4FF-FAEB7D6AB1D3}.Release|Any CPU.ActiveCfg = Release|Any CPU
		{A047A45B-E4A7-4BF4-A4FF-FAEB7D6AB1D3}.Release|Any CPU.Build.0 = Release|Any CPU
		{A047A45B-E4A7-4BF4-A4FF-FAEB7D6AB1D3}.Release|ARM.ActiveCfg = Release|Any CPU
		{A047A45B-E4A7-4BF4-A4FF-FAEB7D6AB1D3}.Release|ARM.Build.0 = Release|Any CPU
		{A047A45B-E4A7-4BF4-A4FF-FAEB7D6AB1D3}.Release|x64.ActiveCfg = Release|Any CPU
		{A047A45B-E4A7-4BF4-A4FF-FAEB7D6AB1D3}.Release|x64.Build.0 = Release|Any CPU
		{A047A45B-E4A7-4BF4-A4FF-FAEB7D6AB1D3}.Release|x86.ActiveCfg = Release|Any CPU
		{A047A45B-E4A7-4BF4-A4FF-FAEB7D6AB1D3}.Release|x86.Build.0 = Release|Any CPU
		{2B66F596-DD09-4F89-9B89-3F4FEAE57E7B}.Debug|Any CPU.ActiveCfg = Debug|Any CPU
		{2B66F596-DD09-4F89-9B89-3F4FEAE57E7B}.Debug|Any CPU.Build.0 = Debug|Any CPU
		{2B66F596-DD09-4F89-9B89-3F4FEAE57E7B}.Debug|ARM.ActiveCfg = Debug|Any CPU
		{2B66F596-DD09-4F89-9B89-3F4FEAE57E7B}.Debug|ARM.Build.0 = Debug|Any CPU
		{2B66F596-DD09-4F89-9B89-3F4FEAE57E7B}.Debug|x64.ActiveCfg = Debug|Any CPU
		{2B66F596-DD09-4F89-9B89-3F4FEAE57E7B}.Debug|x64.Build.0 = Debug|Any CPU
		{2B66F596-DD09-4F89-9B89-3F4FEAE57E7B}.Debug|x86.ActiveCfg = Debug|Any CPU
		{2B66F596-DD09-4F89-9B89-3F4FEAE57E7B}.Debug|x86.Build.0 = Debug|Any CPU
		{2B66F596-DD09-4F89-9B89-3F4FEAE57E7B}.Release|Any CPU.ActiveCfg = Release|Any CPU
		{2B66F596-DD09-4F89-9B89-3F4FEAE57E7B}.Release|Any CPU.Build.0 = Release|Any CPU
		{2B66F596-DD09-4F89-9B89-3F4FEAE57E7B}.Release|ARM.ActiveCfg = Release|Any CPU
		{2B66F596-DD09-4F89-9B89-3F4FEAE57E7B}.Release|ARM.Build.0 = Release|Any CPU
		{2B66F596-DD09-4F89-9B89-3F4FEAE57E7B}.Release|x64.ActiveCfg = Release|Any CPU
		{2B66F596-DD09-4F89-9B89-3F4FEAE57E7B}.Release|x64.Build.0 = Release|Any CPU
		{2B66F596-DD09-4F89-9B89-3F4FEAE57E7B}.Release|x86.ActiveCfg = Release|Any CPU
		{2B66F596-DD09-4F89-9B89-3F4FEAE57E7B}.Release|x86.Build.0 = Release|Any CPU
		{D74C52F6-47D8-43B7-BEE8-FCFDC0D011BF}.Debug|Any CPU.ActiveCfg = Debug|Any CPU
		{D74C52F6-47D8-43B7-BEE8-FCFDC0D011BF}.Debug|Any CPU.Build.0 = Debug|Any CPU
		{D74C52F6-47D8-43B7-BEE8-FCFDC0D011BF}.Debug|ARM.ActiveCfg = Debug|Any CPU
		{D74C52F6-47D8-43B7-BEE8-FCFDC0D011BF}.Debug|ARM.Build.0 = Debug|Any CPU
		{D74C52F6-47D8-43B7-BEE8-FCFDC0D011BF}.Debug|x64.ActiveCfg = Debug|Any CPU
		{D74C52F6-47D8-43B7-BEE8-FCFDC0D011BF}.Debug|x64.Build.0 = Debug|Any CPU
		{D74C52F6-47D8-43B7-BEE8-FCFDC0D011BF}.Debug|x86.ActiveCfg = Debug|Any CPU
		{D74C52F6-47D8-43B7-BEE8-FCFDC0D011BF}.Debug|x86.Build.0 = Debug|Any CPU
		{D74C52F6-47D8-43B7-BEE8-FCFDC0D011BF}.Release|Any CPU.ActiveCfg = Release|Any CPU
		{D74C52F6-47D8-43B7-BEE8-FCFDC0D011BF}.Release|Any CPU.Build.0 = Release|Any CPU
		{D74C52F6-47D8-43B7-BEE8-FCFDC0D011BF}.Release|ARM.ActiveCfg = Release|Any CPU
		{D74C52F6-47D8-43B7-BEE8-FCFDC0D011BF}.Release|ARM.Build.0 = Release|Any CPU
		{D74C52F6-47D8-43B7-BEE8-FCFDC0D011BF}.Release|x64.ActiveCfg = Release|Any CPU
		{D74C52F6-47D8-43B7-BEE8-FCFDC0D011BF}.Release|x64.Build.0 = Release|Any CPU
		{D74C52F6-47D8-43B7-BEE8-FCFDC0D011BF}.Release|x86.ActiveCfg = Release|Any CPU
		{D74C52F6-47D8-43B7-BEE8-FCFDC0D011BF}.Release|x86.Build.0 = Release|Any CPU
		{8C593766-CCE9-4D4E-B057-0C8ECB8842A0}.Debug|Any CPU.ActiveCfg = Debug|Any CPU
		{8C593766-CCE9-4D4E-B057-0C8ECB8842A0}.Debug|Any CPU.Build.0 = Debug|Any CPU
		{8C593766-CCE9-4D4E-B057-0C8ECB8842A0}.Debug|ARM.ActiveCfg = Debug|Any CPU
		{8C593766-CCE9-4D4E-B057-0C8ECB8842A0}.Debug|ARM.Build.0 = Debug|Any CPU
		{8C593766-CCE9-4D4E-B057-0C8ECB8842A0}.Debug|x64.ActiveCfg = Debug|Any CPU
		{8C593766-CCE9-4D4E-B057-0C8ECB8842A0}.Debug|x64.Build.0 = Debug|Any CPU
		{8C593766-CCE9-4D4E-B057-0C8ECB8842A0}.Debug|x86.ActiveCfg = Debug|Any CPU
		{8C593766-CCE9-4D4E-B057-0C8ECB8842A0}.Debug|x86.Build.0 = Debug|Any CPU
		{8C593766-CCE9-4D4E-B057-0C8ECB8842A0}.Release|Any CPU.ActiveCfg = Release|Any CPU
		{8C593766-CCE9-4D4E-B057-0C8ECB8842A0}.Release|Any CPU.Build.0 = Release|Any CPU
		{8C593766-CCE9-4D4E-B057-0C8ECB8842A0}.Release|ARM.ActiveCfg = Release|Any CPU
		{8C593766-CCE9-4D4E-B057-0C8ECB8842A0}.Release|ARM.Build.0 = Release|Any CPU
		{8C593766-CCE9-4D4E-B057-0C8ECB8842A0}.Release|x64.ActiveCfg = Release|Any CPU
		{8C593766-CCE9-4D4E-B057-0C8ECB8842A0}.Release|x64.Build.0 = Release|Any CPU
		{8C593766-CCE9-4D4E-B057-0C8ECB8842A0}.Release|x86.ActiveCfg = Release|Any CPU
		{8C593766-CCE9-4D4E-B057-0C8ECB8842A0}.Release|x86.Build.0 = Release|Any CPU
	EndGlobalSection
	GlobalSection(SolutionProperties) = preSolution
		HideSolutionNode = FALSE
	EndGlobalSection
EndGlobal
